{
    "_readme": [
        "This file locks the dependencies of your project to a known state",
        "Read more about it at http://getcomposer.org/doc/01-basic-usage.md#composer-lock-the-lock-file",
        "This file is @generated automatically"
    ],
    "hash": "9949dd01341e115ca0f12b8aad367c11",
    "packages": [
        {
            "name": "fabpot/sphinx-php",
            "version": "dev-master",
            "source": {
                "type": "git",
                "url": "https://github.com/fabpot/sphinx-php.git",
                "reference": "52f7bd2216cc22ef52494f346c5643bb2a74513f"
            },
            "dist": {
                "type": "zip",
                "url": "https://api.github.com/repos/fabpot/sphinx-php/zipball/52f7bd2216cc22ef52494f346c5643bb2a74513f",
                "reference": "52f7bd2216cc22ef52494f346c5643bb2a74513f",
                "shasum": ""
            },
            "type": "library",
            "extra": {
                "branch-alias": {
                    "dev-master": "1.0-dev"
                }
            },
            "notification-url": "https://packagist.org/downloads/",
            "license": [
                "MIT"
            ],
            "authors": [
                {
                    "name": "Fabien Potencier",
                    "email": "fabien@symfony.com"
                }
            ],
            "description": "Sphinx extension for PHP projects",
            "time": "2014-10-29 13:06:37"
        }
    ],
    "packages-dev": [],
    "aliases": [],
    "minimum-stability": "stable",
    "stability-flags": {
        "fabpot/sphinx-php": 20
    },
    "prefer-stable": false,
    "prefer-lowest": false,
    "platform": [],
    "platform-dev": []
}
